// !$*UTF8*$!
{
	archiveVersion = 1;
	classes = {
	};
	objectVersion = 56;
	objects = {

/* Begin PBXBuildFile section */
		DD279BB82BC4B0C800A65A57 /* myStepper.swift in Sources */ = {isa = PBXBuildFile; fileRef = DD279BB72BC4B0C800A65A57 /* myStepper.swift */; };
		DD47D80A2BA9E39A0090B04C /* ScorePadApp.swift in Sources */ = {isa = PBXBuildFile; fileRef = DD47D8092BA9E39A0090B04C /* ScorePadApp.swift */; };
		DD47D80C2BA9E39A0090B04C /* ContentView.swift in Sources */ = {isa = PBXBuildFile; fileRef = DD47D80B2BA9E39A0090B04C /* ContentView.swift */; };
		DD47D80E2BA9E39D0090B04C /* Assets.xcassets in Resources */ = {isa = PBXBuildFile; fileRef = DD47D80D2BA9E39D0090B04C /* Assets.xcassets */; };
		DD47D8122BA9E39D0090B04C /* Preview Assets.xcassets in Resources */ = {isa = PBXBuildFile; fileRef = DD47D8112BA9E39D0090B04C /* Preview Assets.xcassets */; };
		DD47D81C2BA9E39D0090B04C /* ScorePadTests.swift in Sources */ = {isa = PBXBuildFile; fileRef = DD47D81B2BA9E39D0090B04C /* ScorePadTests.swift */; };
		DD47D8262BA9E39D0090B04C /* ScorePadUITests.swift in Sources */ = {isa = PBXBuildFile; fileRef = DD47D8252BA9E39D0090B04C /* ScorePadUITests.swift */; };
		DD47D8282BA9E39D0090B04C /* ScorePadUITestsLaunchTests.swift in Sources */ = {isa = PBXBuildFile; fileRef = DD47D8272BA9E39D0090B04C /* ScorePadUITestsLaunchTests.swift */; };
		DD47D8352BA9E45C0090B04C /* ScoreSheet.swift in Sources */ = {isa = PBXBuildFile; fileRef = DD47D8342BA9E45B0090B04C /* ScoreSheet.swift */; };
/* End PBXBuildFile section */

/* Begin PBXContainerItemProxy section */
		DD47D8182BA9E39D0090B04C /* PBXContainerItemProxy */ = {
			isa = PBXContainerItemProxy;
			containerPortal = DD47D7FE2BA9E39A0090B04C /* Project object */;
			proxyType = 1;
			remoteGlobalIDString = DD47D8052BA9E39A0090B04C;
			remoteInfo = ScorePad;
		};
		DD47D8222BA9E39D0090B04C /* PBXContainerItemProxy */ = {
			isa = PBXContainerItemProxy;
			containerPortal = DD47D7FE2BA9E39A0090B04C /* Project object */;
			proxyType = 1;
			remoteGlobalIDString = DD47D8052BA9E39A0090B04C;
			remoteInfo = ScorePad;
		};
/* End PBXContainerItemProxy section */

/* Begin PBXFileReference section */
		DD279BB72BC4B0C800A65A57 /* myStepper.swift */ = {isa = PBXFileReference; lastKnownFileType = sourcecode.swift; path = myStepper.swift; sourceTree = "<group>"; };
		DD47D8062BA9E39A0090B04C /* ScorePad.app */ = {isa = PBXFileReference; explicitFileType = wrapper.application; includeInIndex = 0; path = ScorePad.app; sourceTree = BUILT_PRODUCTS_DIR; };
		DD47D8092BA9E39A0090B04C /* ScorePadApp.swift */ = {isa = PBXFileReference; lastKnownFileType = sourcecode.swift; path = ScorePadApp.swift; sourceTree = "<group>"; };
		DD47D80B2BA9E39A0090B04C /* ContentView.swift */ = {isa = PBXFileReference; lastKnownFileType = sourcecode.swift; path = ContentView.swift; sourceTree = "<group>"; };
		DD47D80D2BA9E39D0090B04C /* Assets.xcassets */ = {isa = PBXFileReference; lastKnownFileType = folder.assetcatalog; path = Assets.xcassets; sourceTree = "<group>"; };
		DD47D80F2BA9E39D0090B04C /* ScorePad.entitlements */ = {isa = PBXFileReference; lastKnownFileType = text.plist.entitlements; path = ScorePad.entitlements; sourceTree = "<group>"; };
		DD47D8112BA9E39D0090B04C /* Preview Assets.xcassets */ = {isa = PBXFileReference; lastKnownFileType = folder.assetcatalog; path = "Preview Assets.xcassets"; sourceTree = "<group>"; };
		DD47D8172BA9E39D0090B04C /* ScorePadTests.xctest */ = {isa = PBXFileReference; explicitFileType = wrapper.cfbundle; includeInIndex = 0; path = ScorePadTests.xctest; sourceTree = BUILT_PRODUCTS_DIR; };
		DD47D81B2BA9E39D0090B04C /* ScorePadTests.swift */ = {isa = PBXFileReference; lastKnownFileType = sourcecode.swift; path = ScorePadTests.swift; sourceTree = "<group>"; };
		DD47D8212BA9E39D0090B04C /* ScorePadUITests.xctest */ = {isa = PBXFileReference; explicitFileType = wrapper.cfbundle; includeInIndex = 0; path = ScorePadUITests.xctest; sourceTree = BUILT_PRODUCTS_DIR; };
		DD47D8252BA9E39D0090B04C /* ScorePadUITests.swift */ = {isa = PBXFileReference; lastKnownFileType = sourcecode.swift; path = ScorePadUITests.swift; sourceTree = "<group>"; };
		DD47D8272BA9E39D0090B04C /* ScorePadUITestsLaunchTests.swift */ = {isa = PBXFileReference; lastKnownFileType = sourcecode.swift; path = ScorePadUITestsLaunchTests.swift; sourceTree = "<group>"; };
		DD47D8342BA9E45B0090B04C /* ScoreSheet.swift */ = {isa = PBXFileReference; lastKnownFileType = sourcecode.swift; path = ScoreSheet.swift; sourceTree = "<group>"; };
/* End PBXFileReference section */

/* Begin PBXFrameworksBuildPhase section */
		DD47D8032BA9E39A0090B04C /* Frameworks */ = {
			isa = PBXFrameworksBuildPhase;
			buildActionMask = 2147483647;
			files = (
			);
			runOnlyForDeploymentPostprocessing = 0;
		};
		DD47D8142BA9E39D0090B04C /* Frameworks */ = {
			isa = PBXFrameworksBuildPhase;
			buildActionMask = 2147483647;
			files = (
			);
			runOnlyForDeploymentPostprocessing = 0;
		};
		DD47D81E2BA9E39D0090B04C /* Frameworks */ = {
			isa = PBXFrameworksBuildPhase;
			buildActionMask = 2147483647;
			files = (
			);
			runOnlyForDeploymentPostprocessing = 0;
		};
/* End PBXFrameworksBuildPhase section */

/* Begin PBXGroup section */
		DD47D7FD2BA9E39A0090B04C = {
			isa = PBXGroup;
			children = (
				DD47D8082BA9E39A0090B04C /* ScorePad */,
				DD47D81A2BA9E39D0090B04C /* ScorePadTests */,
				DD47D8242BA9E39D0090B04C /* ScorePadUITests */,
				DD47D8072BA9E39A0090B04C /* Products */,
			);
			sourceTree = "<group>";
		};
		DD47D8072BA9E39A0090B04C /* Products */ = {
			isa = PBXGroup;
			children = (
				DD47D8062BA9E39A0090B04C /* ScorePad.app */,
				DD47D8172BA9E39D0090B04C /* ScorePadTests.xctest */,
				DD47D8212BA9E39D0090B04C /* ScorePadUITests.xctest */,
			);
			name = Products;
			sourceTree = "<group>";
		};
		DD47D8082BA9E39A0090B04C /* ScorePad */ = {
			isa = PBXGroup;
			children = (
				DD47D8092BA9E39A0090B04C /* ScorePadApp.swift */,
				DD47D80B2BA9E39A0090B04C /* ContentView.swift */,
				DD47D8342BA9E45B0090B04C /* ScoreSheet.swift */,
				DD279BB72BC4B0C800A65A57 /* myStepper.swift */,
				DD47D80D2BA9E39D0090B04C /* Assets.xcassets */,
				DD47D80F2BA9E39D0090B04C /* ScorePad.entitlements */,
				DD47D8102BA9E39D0090B04C /* Preview Content */,
			);
			path = ScorePad;
			sourceTree = "<group>";
		};
		DD47D8102BA9E39D0090B04C /* Preview Content */ = {
			isa = PBXGroup;
			children = (
				DD47D8112BA9E39D0090B04C /* Preview Assets.xcassets */,
			);
			path = "Preview Content";
			sourceTree = "<group>";
		};
		DD47D81A2BA9E39D0090B04C /* ScorePadTests */ = {
			isa = PBXGroup;
			children = (
				DD47D81B2BA9E39D0090B04C /* ScorePadTests.swift */,
			);
			path = ScorePadTests;
			sourceTree = "<group>";
		};
		DD47D8242BA9E39D0090B04C /* ScorePadUITests */ = {
			isa = PBXGroup;
			children = (
				DD47D8252BA9E39D0090B04C /* ScorePadUITests.swift */,
				DD47D8272BA9E39D0090B04C /* ScorePadUITestsLaunchTests.swift */,
			);
			path = ScorePadUITests;
			sourceTree = "<group>";
		};
/* End PBXGroup section */

/* Begin PBXNativeTarget section */
		DD47D8052BA9E39A0090B04C /* ScorePad */ = {
			isa = PBXNativeTarget;
			buildConfigurationList = DD47D82B2BA9E39D0090B04C /* Build configuration list for PBXNativeTarget "ScorePad" */;
			buildPhases = (
				DD47D8022BA9E39A0090B04C /* Sources */,
				DD47D8032BA9E39A0090B04C /* Frameworks */,
				DD47D8042BA9E39A0090B04C /* Resources */,
			);
			buildRules = (
			);
			dependencies = (
			);
			name = ScorePad;
			productName = ScorePad;
			productReference = DD47D8062BA9E39A0090B04C /* ScorePad.app */;
			productType = "com.apple.product-type.application";
		};
		DD47D8162BA9E39D0090B04C /* ScorePadTests */ = {
			isa = PBXNativeTarget;
			buildConfigurationList = DD47D82E2BA9E39D0090B04C /* Build configuration list for PBXNativeTarget "ScorePadTests" */;
			buildPhases = (
				DD47D8132BA9E39D0090B04C /* Sources */,
				DD47D8142BA9E39D0090B04C /* Frameworks */,
				DD47D8152BA9E39D0090B04C /* Resources */,
			);
			buildRules = (
			);
			dependencies = (
				DD47D8192BA9E39D0090B04C /* PBXTargetDependency */,
			);
			name = ScorePadTests;
			productName = ScorePadTests;
			productReference = DD47D8172BA9E39D0090B04C /* ScorePadTests.xctest */;
			productType = "com.apple.product-type.bundle.unit-test";
		};
		DD47D8202BA9E39D0090B04C /* ScorePadUITests */ = {
			isa = PBXNativeTarget;
			buildConfigurationList = DD47D8312BA9E39D0090B04C /* Build configuration list for PBXNativeTarget "ScorePadUITests" */;
			buildPhases = (
				DD47D81D2BA9E39D0090B04C /* Sources */,
				DD47D81E2BA9E39D0090B04C /* Frameworks */,
				DD47D81F2BA9E39D0090B04C /* Resources */,
			);
			buildRules = (
			);
			dependencies = (
				DD47D8232BA9E39D0090B04C /* PBXTargetDependency */,
			);
			name = ScorePadUITests;
			productName = ScorePadUITests;
			productReference = DD47D8212BA9E39D0090B04C /* ScorePadUITests.xctest */;
			productType = "com.apple.product-type.bundle.ui-testing";
		};
/* End PBXNativeTarget section */

/* Begin PBXProject section */
		DD47D7FE2BA9E39A0090B04C /* Project object */ = {
			isa = PBXProject;
			attributes = {
				BuildIndependentTargetsInParallel = 1;
				LastSwiftUpdateCheck = 1530;
				LastUpgradeCheck = 1530;
				TargetAttributes = {
					DD47D8052BA9E39A0090B04C = {
						CreatedOnToolsVersion = 15.3;
					};
					DD47D8162BA9E39D0090B04C = {
						CreatedOnToolsVersion = 15.3;
						TestTargetID = DD47D8052BA9E39A0090B04C;
					};
					DD47D8202BA9E39D0090B04C = {
						CreatedOnToolsVersion = 15.3;
						TestTargetID = DD47D8052BA9E39A0090B04C;
					};
				};
			};
			buildConfigurationList = DD47D8012BA9E39A0090B04C /* Build configuration list for PBXProject "ScorePad" */;
			compatibilityVersion = "Xcode 14.0";
			developmentRegion = en;
			hasScannedForEncodings = 0;
			knownRegions = (
				en,
				Base,
			);
			mainGroup = DD47D7FD2BA9E39A0090B04C;
			productRefGroup = DD47D8072BA9E39A0090B04C /* Products */;
			projectDirPath = "";
			projectRoot = "";
			targets = (
				DD47D8052BA9E39A0090B04C /* ScorePad */,
				DD47D8162BA9E39D0090B04C /* ScorePadTests */,
				DD47D8202BA9E39D0090B04C /* ScorePadUITests */,
			);
		};
/* End PBXProject section */

/* Begin PBXResourcesBuildPhase section */
		DD47D8042BA9E39A0090B04C /* Resources */ = {
			isa = PBXResourcesBuildPhase;
			buildActionMask = 2147483647;
			files = (
				DD47D8122BA9E39D0090B04C /* Preview Assets.xcassets in Resources */,
				DD47D80E2BA9E39D0090B04C /* Assets.xcassets in Resources */,
			);
			runOnlyForDeploymentPostprocessing = 0;
		};
		DD47D8152BA9E39D0090B04C /* Resources */ = {
			isa = PBXResourcesBuildPhase;
			buildActionMask = 2147483647;
			files = (
			);
			runOnlyForDeploymentPostprocessing = 0;
		};
		DD47D81F2BA9E39D0090B04C /* Resources */ = {
			isa = PBXResourcesBuildPhase;
			buildActionMask = 2147483647;
			files = (
			);
			runOnlyForDeploymentPostprocessing = 0;
		};
/* End PBXResourcesBuildPhase section */

/* Begin PBXSourcesBuildPhase section */
		DD47D8022BA9E39A0090B04C /* Sources */ = {
			isa = PBXSourcesBuildPhase;
			buildActionMask = 2147483647;
			files = (
				DD47D8352BA9E45C0090B04C /* ScoreSheet.swift in Sources */,
				DD47D80C2BA9E39A0090B04C /* ContentView.swift in Sources */,
				DD47D80A2BA9E39A0090B04C /* ScorePadApp.swift in Sources */,
				DD279BB82BC4B0C800A65A57 /* myStepper.swift in Sources */,
			);
			runOnlyForDeploymentPostprocessing = 0;
		};
		DD47D8132BA9E39D0090B04C /* Sources */ = {
			isa = PBXSourcesBuildPhase;
			buildActionMask = 2147483647;
			files = (
				DD47D81C2BA9E39D0090B04C /* ScorePadTests.swift in Sources */,
			);
			runOnlyForDeploymentPostprocessing = 0;
		};
		DD47D81D2BA9E39D0090B04C /* Sources */ = {
			isa = PBXSourcesBuildPhase;
			buildActionMask = 2147483647;
			files = (
				DD47D8282BA9E39D0090B04C /* ScorePadUITestsLaunchTests.swift in Sources */,
				DD47D8262BA9E39D0090B04C /* ScorePadUITests.swift in Sources */,
			);
			runOnlyForDeploymentPostprocessing = 0;
		};
/* End PBXSourcesBuildPhase section */

/* Begin PBXTargetDependency section */
		DD47D8192BA9E39D0090B04C /* PBXTargetDependency */ = {
			isa = PBXTargetDependency;
			target = DD47D8052BA9E39A0090B04C /* ScorePad */;
			targetProxy = DD47D8182BA9E39D0090B04C /* PBXContainerItemProxy */;
		};
		DD47D8232BA9E39D0090B04C /* PBXTargetDependency */ = {
			isa = PBXTargetDependency;
			target = DD47D8052BA9E39A0090B04C /* ScorePad */;
			targetProxy = DD47D8222BA9E39D0090B04C /* PBXContainerItemProxy */;
		};
/* End PBXTargetDependency section */

/* Begin XCBuildConfiguration section */
		DD47D8292BA9E39D0090B04C /* Debug */ = {
			isa = XCBuildConfiguration;
			buildSettings = {
				ALWAYS_SEARCH_USER_PATHS = NO;
				ASSETCATALOG_COMPILER_GENERATE_SWIFT_ASSET_SYMBOL_EXTENSIONS = YES;
				CLANG_ANALYZER_NONNULL = YES;
				CLANG_ANALYZER_NUMBER_OBJECT_CONVERSION = YES_AGGRESSIVE;
				CLANG_CXX_LANGUAGE_STANDARD = "gnu++20";
				CLANG_ENABLE_MODULES = YES;
				CLANG_ENABLE_OBJC_ARC = YES;
				CLANG_ENABLE_OBJC_WEAK = YES;
				CLANG_WARN_BLOCK_CAPTURE_AUTORELEASING = YES;
				CLANG_WARN_BOOL_CONVERSION = YES;
				CLANG_WARN_COMMA = YES;
				CLANG_WARN_CONSTANT_CONVERSION = YES;
				CLANG_WARN_DEPRECATED_OBJC_IMPLEMENTATIONS = YES;
				CLANG_WARN_DIRECT_OBJC_ISA_USAGE = YES_ERROR;
				CLANG_WARN_DOCUMENTATION_COMMENTS = YES;
				CLANG_WARN_EMPTY_BODY = YES;
				CLANG_WARN_ENUM_CONVERSION = YES;
				CLANG_WARN_INFINITE_RECURSION = YES;
				CLANG_WARN_INT_CONVERSION = YES;
				CLANG_WARN_NON_LITERAL_NULL_CONVERSION = YES;
				CLANG_WARN_OBJC_IMPLICIT_RETAIN_SELF = YES;
				CLANG_WARN_OBJC_LITERAL_CONVERSION = YES;
				CLANG_WARN_OBJC_ROOT_CLASS = YES_ERROR;
				CLANG_WARN_QUOTED_INCLUDE_IN_FRAMEWORK_HEADER = YES;
				CLANG_WARN_RANGE_LOOP_ANALYSIS = YES;
				CLANG_WARN_STRICT_PROTOTYPES = YES;
				CLANG_WARN_SUSPICIOUS_MOVE = YES;
				CLANG_WARN_UNGUARDED_AVAILABILITY = YES_AGGRESSIVE;
				CLANG_WARN_UNREACHABLE_CODE = YES;
				CLANG_WARN__DUPLICATE_METHOD_MATCH = YES;
				COPY_PHASE_STRIP = NO;
				DEBUG_INFORMATION_FORMAT = dwarf;
				ENABLE_STRICT_OBJC_MSGSEND = YES;
				ENABLE_TESTABILITY = YES;
				ENABLE_USER_SCRIPT_SANDBOXING = YES;
				GCC_C_LANGUAGE_STANDARD = gnu17;
				GCC_DYNAMIC_NO_PIC = NO;
				GCC_NO_COMMON_BLOCKS = YES;
				GCC_OPTIMIZATION_LEVEL = 0;
				GCC_PREPROCESSOR_DEFINITIONS = (
					"DEBUG=1",
					"$(inherited)",
				);
				GCC_WARN_64_TO_32_BIT_CONVERSION = YES;
				GCC_WARN_ABOUT_RETURN_TYPE = YES_ERROR;
				GCC_WARN_UNDECLARED_SELECTOR = YES;
				GCC_WARN_UNINITIALIZED_AUTOS = YES_AGGRESSIVE;
				GCC_WARN_UNUSED_FUNCTION = YES;
				GCC_WARN_UNUSED_VARIABLE = YES;
				LOCALIZATION_PREFERS_STRING_CATALOGS = YES;
				MTL_ENABLE_DEBUG_INFO = INCLUDE_SOURCE;
				MTL_FAST_MATH = YES;
				ONLY_ACTIVE_ARCH = YES;
				SWIFT_ACTIVE_COMPILATION_CONDITIONS = "DEBUG $(inherited)";
				SWIFT_OPTIMIZATION_LEVEL = "-Onone";
			};
			name = Debug;
		};
		DD47D82A2BA9E39D0090B04C /* Release */ = {
			isa = XCBuildConfiguration;
			buildSettings = {
				ALWAYS_SEARCH_USER_PATHS = NO;
				ASSETCATALOG_COMPILER_GENERATE_SWIFT_ASSET_SYMBOL_EXTENSIONS = YES;
				CLANG_ANALYZER_NONNULL = YES;
				CLANG_ANALYZER_NUMBER_OBJECT_CONVERSION = YES_AGGRESSIVE;
				CLANG_CXX_LANGUAGE_STANDARD = "gnu++20";
				CLANG_ENABLE_MODULES = YES;
				CLANG_ENABLE_OBJC_ARC = YES;
				CLANG_ENABLE_OBJC_WEAK = YES;
				CLANG_WARN_BLOCK_CAPTURE_AUTORELEASING = YES;
				CLANG_WARN_BOOL_CONVERSION = YES;
				CLANG_WARN_COMMA = YES;
				CLANG_WARN_CONSTANT_CONVERSION = YES;
				CLANG_WARN_DEPRECATED_OBJC_IMPLEMENTATIONS = YES;
				CLANG_WARN_DIRECT_OBJC_ISA_USAGE = YES_ERROR;
				CLANG_WARN_DOCUMENTATION_COMMENTS = YES;
				CLANG_WARN_EMPTY_BODY = YES;
				CLANG_WARN_ENUM_CONVERSION = YES;
				CLANG_WARN_INFINITE_RECURSION = YES;
				CLANG_WARN_INT_CONVERSION = YES;
				CLANG_WARN_NON_LITERAL_NULL_CONVERSION = YES;
				CLANG_WARN_OBJC_IMPLICIT_RETAIN_SELF = YES;
				CLANG_WARN_OBJC_LITERAL_CONVERSION = YES;
				CLANG_WARN_OBJC_ROOT_CLASS = YES_ERROR;
				CLANG_WARN_QUOTED_INCLUDE_IN_FRAMEWORK_HEADER = YES;
				CLANG_WARN_RANGE_LOOP_ANALYSIS = YES;
				CLANG_WARN_STRICT_PROTOTYPES = YES;
				CLANG_WARN_SUSPICIOUS_MOVE = YES;
				CLANG_WARN_UNGUARDED_AVAILABILITY = YES_AGGRESSIVE;
				CLANG_WARN_UNREACHABLE_CODE = YES;
				CLANG_WARN__DUPLICATE_METHOD_MATCH = YES;
				COPY_PHASE_STRIP = NO;
				DEBUG_INFORMATION_FORMAT = "dwarf-with-dsym";
				ENABLE_NS_ASSERTIONS = NO;
				ENABLE_STRICT_OBJC_MSGSEND = YES;
				ENABLE_USER_SCRIPT_SANDBOXING = YES;
				GCC_C_LANGUAGE_STANDARD = gnu17;
				GCC_NO_COMMON_BLOCKS = YES;
				GCC_WARN_64_TO_32_BIT_CONVERSION = YES;
				GCC_WARN_ABOUT_RETURN_TYPE = YES_ERROR;
				GCC_WARN_UNDECLARED_SELECTOR = YES;
				GCC_WARN_UNINITIALIZED_AUTOS = YES_AGGRESSIVE;
				GCC_WARN_UNUSED_FUNCTION = YES;
				GCC_WARN_UNUSED_VARIABLE = YES;
				LOCALIZATION_PREFERS_STRING_CATALOGS = YES;
				MTL_ENABLE_DEBUG_INFO = NO;
				MTL_FAST_MATH = YES;
				SWIFT_COMPILATION_MODE = wholemodule;
			};
			name = Release;
		};
		DD47D82C2BA9E39D0090B04C /* Debug */ = {
			isa = XCBuildConfiguration;
			buildSettings = {
				ASSETCATALOG_COMPILER_APPICON_NAME = AppIcon;
				ASSETCATALOG_COMPILER_GLOBAL_ACCENT_COLOR_NAME = AccentColor;
				CODE_SIGN_ENTITLEMENTS = ScorePad/ScorePad.entitlements;
				CODE_SIGN_STYLE = Automatic;
				CURRENT_PROJECT_VERSION = 1;
				DEVELOPMENT_ASSET_PATHS = "\"ScorePad/Preview Content\"";
				DEVELOPMENT_TEAM = 5KGN8Y5W4Y;
				ENABLE_HARDENED_RUNTIME = YES;
				ENABLE_PREVIEWS = YES;
				GENERATE_INFOPLIST_FILE = YES;
				"INFOPLIST_KEY_UIApplicationSceneManifest_Generation[sdk=iphoneos*]" = YES;
				"INFOPLIST_KEY_UIApplicationSceneManifest_Generation[sdk=iphonesimulator*]" = YES;
				"INFOPLIST_KEY_UIApplicationSupportsIndirectInputEvents[sdk=iphoneos*]" = YES;
				"INFOPLIST_KEY_UIApplicationSupportsIndirectInputEvents[sdk=iphonesimulator*]" = YES;
				"INFOPLIST_KEY_UILaunchScreen_Generation[sdk=iphoneos*]" = YES;
				"INFOPLIST_KEY_UILaunchScreen_Generation[sdk=iphonesimulator*]" = YES;
				"INFOPLIST_KEY_UIStatusBarStyle[sdk=iphoneos*]" = UIStatusBarStyleDefault;
				"INFOPLIST_KEY_UIStatusBarStyle[sdk=iphonesimulator*]" = UIStatusBarStyleDefault;
				INFOPLIST_KEY_UISupportedInterfaceOrientations_iPad = "UIInterfaceOrientationPortrait UIInterfaceOrientationPortraitUpsideDown UIInterfaceOrientationLandscapeLeft UIInterfaceOrientationLandscapeRight";
				INFOPLIST_KEY_UISupportedInterfaceOrientations_iPhone = "UIInterfaceOrientationPortrait UIInterfaceOrientationLandscapeLeft UIInterfaceOrientationLandscapeRight";
				IPHONEOS_DEPLOYMENT_TARGET = 17.4;
				LD_RUNPATH_SEARCH_PATHS = "@executable_path/Frameworks";
				"LD_RUNPATH_SEARCH_PATHS[sdk=macosx*]" = "@executable_path/../Frameworks";
				MACOSX_DEPLOYMENT_TARGET = 14.3;
				MARKETING_VERSION = 1.0;
				PRODUCT_BUNDLE_IDENTIFIER = com.newton.ScorePad;
				PRODUCT_NAME = "$(TARGET_NAME)";
				SDKROOT = auto;
				SUPPORTED_PLATFORMS = "iphoneos iphonesimulator";
				SUPPORTS_MACCATALYST = NO;
				SWIFT_EMIT_LOC_STRINGS = YES;
				SWIFT_VERSION = 5.0;
				TARGETED_DEVICE_FAMILY = "1,2";
			};
			name = Debug;
		};
		DD47D82D2BA9E39D0090B04C /* Release */ = {
			isa = XCBuildConfiguration;
			buildSettings = {
				ASSETCATALOG_COMPILER_APPICON_NAME = AppIcon;
				ASSETCATALOG_COMPILER_GLOBAL_ACCENT_COLOR_NAME = AccentColor;
				CODE_SIGN_ENTITLEMENTS = ScorePad/ScorePad.entitlements;
				CODE_SIGN_STYLE = Automatic;
				CURRENT_PROJECT_VERSION = 1;
				DEVELOPMENT_ASSET_PATHS = "\"ScorePad/Preview Content\"";
				DEVELOPMENT_TEAM = 5KGN8Y5W4Y;
				ENABLE_HARDENED_RUNTIME = YES;
				ENABLE_PREVIEWS = YES;
				GENERATE_INFOPLIST_FILE = YES;
				"INFOPLIST_KEY_UIApplicationSceneManifest_Generation[sdk=iphoneos*]" = YES;
				"INFOPLIST_KEY_UIApplicationSceneManifest_Generation[sdk=iphonesimulator*]" = YES;
				"INFOPLIST_KEY_UIApplicationSupportsIndirectInputEvents[sdk=iphoneos*]" = YES;
				"INFOPLIST_KEY_UIApplicationSupportsIndirectInputEvents[sdk=iphonesimulator*]" = YES;
				"INFOPLIST_KEY_UILaunchScreen_Generation[sdk=iphoneos*]" = YES;
				"INFOPLIST_KEY_UILaunchScreen_Generation[sdk=iphonesimulator*]" = YES;
				"INFOPLIST_KEY_UIStatusBarStyle[sdk=iphoneos*]" = UIStatusBarStyleDefault;
				"INFOPLIST_KEY_UIStatusBarStyle[sdk=iphonesimulator*]" = UIStatusBarStyleDefault;
				INFOPLIST_KEY_UISupportedInterfaceOrientations_iPad = "UIInterfaceOrientationPortrait UIInterfaceOrientationPortraitUpsideDown UIInterfaceOrientationLandscapeLeft UIInterfaceOrientationLandscapeRight";
				INFOPLIST_KEY_UISupportedInterfaceOrientations_iPhone = "UIInterfaceOrientationPortrait UIInterfaceOrientationLandscapeLeft UIInterfaceOrientationLandscapeRight";
				IPHONEOS_DEPLOYMENT_TARGET = 17.4;
				LD_RUNPATH_SEARCH_PATHS = "@executable_path/Frameworks";
				"LD_RUNPATH_SEARCH_PATHS[sdk=macosx*]" = "@executable_path/../Frameworks";
				MACOSX_DEPLOYMENT_TARGET = 14.3;
				MARKETING_VERSION = 1.0;
				PRODUCT_BUNDLE_IDENTIFIER = com.newton.ScorePad;
				PRODUCT_NAME = "$(TARGET_NAME)";
				SDKROOT = auto;
				SUPPORTED_PLATFORMS = "iphoneos iphonesimulator";
				SUPPORTS_MACCATALYST = NO;
				SWIFT_EMIT_LOC_STRINGS = YES;
				SWIFT_VERSION = 5.0;
				TARGETED_DEVICE_FAMILY = "1,2";
			};
			name = Release;
		};
		DD47D82F2BA9E39D0090B04C /* Debug */ = {
			isa = XCBuildConfiguration;
			buildSettings = {
				ALWAYS_EMBED_SWIFT_STANDARD_LIBRARIES = YES;
				BUNDLE_LOADER = "$(TEST_HOST)";
				CODE_SIGN_STYLE = Automatic;
				CURRENT_PROJECT_VERSION = 1;
				DEVELOPMENT_TEAM = 5KGN8Y5W4Y;
				GENERATE_INFOPLIST_FILE = YES;
				IPHONEOS_DEPLOYMENT_TARGET = 17.4;
				MACOSX_DEPLOYMENT_TARGET = 14.3;
				MARKETING_VERSION = 1.0;
				PRODUCT_BUNDLE_IDENTIFIER = com.newton.ScorePadTests;
				PRODUCT_NAME = "$(TARGET_NAME)";
				SDKROOT = auto;
				SUPPORTED_PLATFORMS = "iphoneos iphonesimulator macosx";
				SWIFT_EMIT_LOC_STRINGS = NO;
				SWIFT_VERSION = 5.0;
				TARGETED_DEVICE_FAMILY = "1,2";
				TEST_HOST = "$(BUILT_PRODUCTS_DIR)/ScorePad.app/$(BUNDLE_EXECUTABLE_FOLDER_PATH)/ScorePad";
			};
			name = Debug;
		};
		DD47D8302BA9E39D0090B04C /* Release */ = {
			isa = XCBuildConfiguration;
			buildSettings = {
				ALWAYS_EMBED_SWIFT_STANDARD_LIBRARIES = YES;
				BUNDLE_LOADER = "$(TEST_HOST)";
				CODE_SIGN_STYLE = Automatic;
				CURRENT_PROJECT_VERSION = 1;
				DEVELOPMENT_TEAM = 5KGN8Y5W4Y;
				GENERATE_INFOPLIST_FILE = YES;
				IPHONEOS_DEPLOYMENT_TARGET = 17.4;
				MACOSX_DEPLOYMENT_TARGET = 14.3;
				MARKETING_VERSION = 1.0;
				PRODUCT_BUNDLE_IDENTIFIER = com.newton.ScorePadTests;
				PRODUCT_NAME = "$(TARGET_NAME)";
				SDKROOT = auto;
				SUPPORTED_PLATFORMS = "iphoneos iphonesimulator macosx";
				SWIFT_EMIT_LOC_STRINGS = NO;
				SWIFT_VERSION = 5.0;
				TARGETED_DEVICE_FAMILY = "1,2";
				TEST_HOST = "$(BUILT_PRODUCTS_DIR)/ScorePad.app/$(BUNDLE_EXECUTABLE_FOLDER_PATH)/ScorePad";
			};
			name = Release;
		};
		DD47D8322BA9E39D0090B04C /* Debug */ = {
			isa = XCBuildConfiguration;
			buildSettings = {
				ALWAYS_EMBED_SWIFT_STANDARD_LIBRARIES = YES;
				CODE_SIGN_STYLE = Automatic;
				CURRENT_PROJECT_VERSION = 1;
				DEVELOPMENT_TEAM = 5KGN8Y5W4Y;
				GENERATE_INFOPLIST_FILE = YES;
				IPHONEOS_DEPLOYMENT_TARGET = 17.4;
				MACOSX_DEPLOYMENT_TARGET = 14.3;
				MARKETING_VERSION = 1.0;
				PRODUCT_BUNDLE_IDENTIFIER = com.newton.ScorePadUITests;
				PRODUCT_NAME = "$(TARGET_NAME)";
				SDKROOT = auto;
				SUPPORTED_PLATFORMS = "iphoneos iphonesimulator macosx";
				SWIFT_EMIT_LOC_STRINGS = NO;
				SWIFT_VERSION = 5.0;
				TARGETED_DEVICE_FAMILY = "1,2";
				TEST_TARGET_NAME = ScorePad;
			};
			name = Debug;
		};
		DD47D8332BA9E39D0090B04C /* Release */ = {
			isa = XCBuildConfiguration;
			buildSettings = {
				ALWAYS_EMBED_SWIFT_STANDARD_LIBRARIES = YES;
				CODE_SIGN_STYLE = Automatic;
				CURRENT_PROJECT_VERSION = 1;
				DEVELOPMENT_TEAM = 5KGN8Y5W4Y;
				GENERATE_INFOPLIST_FILE = YES;
				IPHONEOS_DEPLOYMENT_TARGET = 17.4;
				MACOSX_DEPLOYMENT_TARGET = 14.3;
				MARKETING_VERSION = 1.0;
				PRODUCT_BUNDLE_IDENTIFIER = com.newton.ScorePadUITests;
				PRODUCT_NAME = "$(TARGET_NAME)";
				SDKROOT = auto;
				SUPPORTED_PLATFORMS = "iphoneos iphonesimulator macosx";
				SWIFT_EMIT_LOC_STRINGS = NO;
				SWIFT_VERSION = 5.0;
				TARGETED_DEVICE_FAMILY = "1,2";
				TEST_TARGET_NAME = ScorePad;
			};
			name = Release;
		};
/* End XCBuildConfiguration section */

/* Begin XCConfigurationList section */
		DD47D8012BA9E39A0090B04C /* Build configuration list for PBXProject "ScorePad" */ = {
			isa = XCConfigurationList;
			buildConfigurations = (
				DD47D8292BA9E39D0090B04C /* Debug */,
				DD47D82A2BA9E39D0090B04C /* Release */,
			);
			defaultConfigurationIsVisible = 0;
			defaultConfigurationName = Release;
		};
		DD47D82B2BA9E39D0090B04C /* Build configuration list for PBXNativeTarget "ScorePad" */ = {
			isa = XCConfigurationList;
			buildConfigurations = (
				DD47D82C2BA9E39D0090B04C /* Debug */,
				DD47D82D2BA9E39D0090B04C /* Release */,
			);
			defaultConfigurationIsVisible = 0;
			defaultConfigurationName = Release;
		};
		DD47D82E2BA9E39D0090B04C /* Build configuration list for PBXNativeTarget "ScorePadTests" */ = {
			isa = XCConfigurationList;
			buildConfigurations = (
				DD47D82F2BA9E39D0090B04C /* Debug */,
				DD47D8302BA9E39D0090B04C /* Release */,
			);
			defaultConfigurationIsVisible = 0;
			defaultConfigurationName = Release;
		};
		DD47D8312BA9E39D0090B04C /* Build configuration list for PBXNativeTarget "ScorePadUITests" */ = {
			isa = XCConfigurationList;
			buildConfigurations = (
				DD47D8322BA9E39D0090B04C /* Debug */,
				DD47D8332BA9E39D0090B04C /* Release */,
			);
			defaultConfigurationIsVisible = 0;
			defaultConfigurationName = Release;
		};
/* End XCConfigurationList section */
	};
	rootObject = DD47D7FE2BA9E39A0090B04C /* Project object */;
}
